# This file was autogenerated by Stack.
# You should not edit this file by hand.
# For more information, please see the documentation at:
#   https://docs.haskellstack.org/en/stable/lock_files

packages:
- completed:
    hackage: geohash-1.0.1@sha256:be8bf007f56fae73366c295084b9e1bdc6f50a9c3c435767353f5d18b5d76227,516
    pantry-tree:
      size: 206
      sha256: 6ebbfb541fdd4ec3ea36eb4d3ff05fb08dcdf3e4847fb842f86704c5f5bf863d
  original:
    hackage: geohash-1.0.1@sha256:be8bf007f56fae73366c295084b9e1bdc6f50a9c3c435767353f5d18b5d76227,516
snapshots:
- completed:
    size: 532379
    url: https://raw.githubusercontent.com/commercialhaskell/stackage-snapshots/master/lts/16/8.yaml
    sha256: 2ad3210d2ad35f3176005d68369a18e4d984517bfaa2caade76f28ed0b2e0521
  original: lts-16.8
